<Solution>
  <Project Path="Assembly-CSharp.csproj" />
  <Project Path="Utilities.csproj" />
  <Project Path="EPO.csproj" />
  <Project Path="Assembly-CSharp-Editor-firstpass.csproj" />
  <Project Path="BetterHierarchy.csproj" />
  <Project Path="AYellowpaper.SerializedCollections.csproj" />
  <Project Path="Assembly-CSharp-Editor.csproj" />
  <Project Path="Kybernetik.UltEvents.Editor.csproj" />
  <Project Path="Assembly-CSharp-firstpass.csproj" />
  <Project Path="SLS.StateMachineH.Editor.csproj" />
  <Project Path="AYellowpaper.SerializeInterfaces.Editor.csproj" />
  <Project Path="Unity.BuildReportInspector.Editor.csproj" />
  <Project Path="FMODUnityResonanceEditor.csproj" />
  <Project Path="Kybernetik.UltEvents.csproj" />
  <Project Path="Utilities.Editor.csproj" />
  <Project Path="FMODUnityEditor.csproj" />
  <Project Path="FMODUnity.csproj" />
  <Project Path="SLS.StateMachineH.Runtime.csproj" />
  <Project Path="AYellowpaper.SerializedCollections.Editor.csproj" />
  <Project Path="FMODUnityHaptics.csproj" />
  <Project Path="Unity.BuildReportInspector.Editor.Mobile.csproj" />
  <Project Path="BetterHierarchyDemoScripts.csproj" />
  <Project Path="EPOUtilities.csproj" />
  <Project Path="EPOEditor.csproj" />
  <Project Path="SLS.ListUtilities.Editor.csproj" />
  <Project Path="SLS.ListUtilities.csproj" />
  <Project Path="FMODUnityResonance.csproj" />
  <Project Path="VisualNodes.csproj" />
  <Project Path="Audio.csproj" />
  <Project Path="EPOURP.csproj" />
  <Project Path="AYellowpaper.SerializeInterfaces.csproj" />
  <Project Path="Unity.BuildReportInspector.Editor.Tests.csproj" />
  <Project Path="EPOHDRP.csproj" />
  <Project Path="Unity.BuildReportInspector.Editor.Tests.Mobile.csproj" />
</Solution>
